
Microsoft Visual Studio Solution File, Format Version 12.00
# Visual Studio Version 17
VisualStudioVersion = 17.10.34928.147
MinimumVisualStudioVersion = 10.0.40219.1
Project("{FAE04EC0-301F-11D3-BF4B-00C04F79EFBC}") = "CS2FM", "CS2FM\CS2FM.csproj", "{6E3BE8B0-927E-4A9C-B3BE-5106914203AE}"
EndProject
Global
	GlobalSection(SolutionConfigurationPlatforms) = preSolution
		Debug|Any CPU = Debug|Any CPU
		Release|Any CPU = Release|Any CPU
	EndGlobalSection
	GlobalSection(ProjectConfigurationPlatforms) = postSolution
		{6E3BE8B0-927E-4A9C-B3BE-5106914203AE}.Debug|Any CPU.ActiveCfg = Debug|Any CPU
		{6E3BE8B0-927E-4A9C-B3BE-5106914203AE}.Debug|Any CPU.Build.0 = Debug|Any CPU
		{6E3BE8B0-927E-4A9C-B3BE-5106914203AE}.Release|Any CPU.ActiveCfg = Release|Any CPU
		{6E3BE8B0-927E-4A9C-B3BE-5106914203AE}.Release|Any CPU.Build.0 = Release|Any CPU
	EndGlobalSection
	GlobalSection(SolutionProperties) = preSolution
		HideSolutionNode = FALSE
	EndGlobalSection
	GlobalSection(ExtensibilityGlobals) = postSolution
		SolutionGuid = {E96047DC-53FB-44FB-93DA-41E06AF0907A}
	EndGlobalSection
EndGlobal
